
Microsoft Visual Studio Solution File, Format Version 12.00
# Visual Studio Version 16
VisualStudioVersion = 16.0.34601.136
MinimumVisualStudioVersion = 10.0.40219.1
Project("{FAE04EC0-301F-11D3-BF4B-00C04F79EFBC}") = "FNI-COMPANY", "FNI-COMPANY\FNI-COMPANY.csproj", "{C2999100-6B3C-4201-9EA6-0949CD239497}"
EndProject
Global
	GlobalSection(SolutionConfigurationPlatforms) = preSolution
		Debug|Any CPU = Debug|Any CPU
		Release|Any CPU = Release|Any CPU
	EndGlobalSection
	GlobalSection(ProjectConfigurationPlatforms) = postSolution
		{C2999100-6B3C-4201-9EA6-0949CD239497}.Debug|Any CPU.ActiveCfg = Debug|Any CPU
		{C2999100-6B3C-4201-9EA6-0949CD239497}.Debug|Any CPU.Build.0 = Debug|Any CPU
		{C2999100-6B3C-4201-9EA6-0949CD239497}.Release|Any CPU.ActiveCfg = Release|Any CPU
		{C2999100-6B3C-4201-9EA6-0949CD239497}.Release|Any CPU.Build.0 = Release|Any CPU
	EndGlobalSection
	GlobalSection(SolutionProperties) = preSolution
		HideSolutionNode = FALSE
	EndGlobalSection
	GlobalSection(ExtensibilityGlobals) = postSolution
		SolutionGuid = {2BEA9D18-3AB4-4052-9A02-20FD0E1AA741}
	EndGlobalSection
EndGlobal
